{
    "_meta": {
        "hash": {
            "sha256": "a4da84fa7de04049da46541a10ee5b764e86b171d4ef32f10a32d53ba00485d1"
        },
        "pipfile-spec": 6,
        "requires": {
            "python_version": "3.9"
        },
        "sources": [
            {
                "name": "pypi",
                "url": "https://pypi.org/simple",
                "verify_ssl": true
            }
        ]
    },
    "default": {},
    "develop": {}
}
